FORGE
  remote: https://forgeapi.puppetlabs.com
  specs:
    ghoneycutt-common (1.6.0)
      puppetlabs-stdlib (< 6.0.0, >= 4.6.0)
    ghoneycutt-rsyslog (0.24.1)
      ghoneycutt-common (< 2.0.0, >= 1.0.0)
      ghoneycutt-sysklogd (< 2.0.0, >= 1.0.0)
      puppetlabs-stdlib (< 6.0.0, >= 4.6.0)
    ghoneycutt-sysklogd (1.0.1)
    jfryman-selinux (0.4.0)
      puppetlabs-stdlib (>= 0)
    puppetlabs-powershell (2.0.1)
    puppetlabs-stdlib (4.12.0)

DEPENDENCIES
  ghoneycutt-rsyslog (>= 0, >= 0.24.1)
  jfryman-selinux (>= 0, >= 0.4.0)
  puppetlabs-powershell (>= 0, >= 2.0.1)
  puppetlabs-stdlib (>= 0, >= 1.0.0)

